// !$*UTF8*$!
{
	archiveVersion = 1;
	classes = {
	};
	objectVersion = 56;
	objects = {
		BEEF00000000000000000001 /* Project object */ = {
			isa = PBXProject;
			attributes = {
				BuildIndependentTargetsInParallel = 1;
				LastSwiftUpdateCheck = 1600;
				LastUpgradeCheck = 1600;
				TargetAttributes = {
					BEEF000000000000000000A4 = {TestTargetID = BEEF00000000000000000067;};
					BEEF000000000000000000B1 = {TestTargetID = BEEF00000000000000000067;};
				};
			};
			buildConfigurationList = BEEF000000000000000000D2;
			compatibilityVersion = "Xcode 14.0";
			developmentRegion = en;
			hasScannedForEncodings = 0;
			knownRegions = (
				en,
				Base,
				de,
				es,
				fr,
				it,
				nl,
				pt,
			);
			mainGroup = BEEF000000000000000000CF;
			productRefGroup = BEEF000000000000000000CE /* Products */;
			projectDirPath = "";
			projectRoot = "";
			targets = (
				BEEF00000000000000000067 /* BeerCHILLER */,
				BEEF00000000000000000046 /* BeerCHILLERWidget */,
				BEEF00000000000000000024 /* BeerCHILLERWatch */,
				BEEF00000000000000000002 /* BeerCHILLERWatchWidget */,
				BEEF000000000000000000A4 /* BeerCHILLERTests */,
				BEEF000000000000000000B1 /* BeerCHILLERUITests */,
			);
		};
		BEEF00000000000000000002 /* BeerCHILLERWatchWidget */ = {
			isa = PBXNativeTarget;
			buildConfigurationList = BEEF0000000000000000001F;
			buildPhases = (
				BEEF00000000000000000004,
				BEEF00000000000000000017,
				BEEF00000000000000000018,
			);
			buildRules = (
			);
			dependencies = (
			);
			name = BeerCHILLERWatchWidget;
			productName = BeerCHILLERWatchWidget;
			productReference = BEEF00000000000000000003;
			productType = "com.apple.product-type.app-extension";
		};
		BEEF00000000000000000003 /* BeerCHILLERWatchWidget.appex */ = {isa = PBXFileReference; explicitFileType = "wrapper.app-extension"; includeInIndex = 0; path = BeerCHILLERWatchWidget.appex; sourceTree = BUILT_PRODUCTS_DIR; };
		BEEF00000000000000000004 /* Sources */ = {
			isa = PBXSourcesBuildPhase;
			buildActionMask = 2147483647;
			files = (
				BEEF00000000000000000005,
				BEEF00000000000000000007,
				BEEF00000000000000000009,
				BEEF0000000000000000000B,
				BEEF0000000000000000000D,
				BEEF0000000000000000000F,
				BEEF00000000000000000011,
				BEEF00000000000000000013,
				BEEF00000000000000000015,
			);
			runOnlyForDeploymentPostprocessing = 0;
		};
		BEEF00000000000000000005 /* CoolingModel.swift in Sources */ = {isa = PBXBuildFile; fileRef = BEEF00000000000000000006 /* CoolingModel.swift */; };
		BEEF00000000000000000006 /* CoolingModel.swift */ = {isa = PBXFileReference; lastKnownFileType = sourcecode.swift; path = CoolingModel.swift; sourceTree = "<group>"; };
		BEEF00000000000000000007 /* BrandMark.swift in Sources */ = {isa = PBXBuildFile; fileRef = BEEF00000000000000000008 /* BrandMark.swift */; };
		BEEF00000000000000000008 /* BrandMark.swift */ = {isa = PBXFileReference; lastKnownFileType = sourcecode.swift; path = BrandMark.swift; sourceTree = "<group>"; };
		BEEF00000000000000000009 /* WidgetTimeline.swift in Sources */ = {isa = PBXBuildFile; fileRef = BEEF0000000000000000000A /* WidgetTimeline.swift */; };
		BEEF0000000000000000000A /* WidgetTimeline.swift */ = {isa = PBXFileReference; lastKnownFileType = sourcecode.swift; path = WidgetTimeline.swift; sourceTree = "<group>"; };
		BEEF0000000000000000000B /* ChillSession.swift in Sources */ = {isa = PBXBuildFile; fileRef = BEEF0000000000000000000C /* ChillSession.swift */; };
		BEEF0000000000000000000C /* ChillSession.swift */ = {isa = PBXFileReference; lastKnownFileType = sourcecode.swift; path = ChillSession.swift; sourceTree = "<group>"; };
		BEEF0000000000000000000D /* SharedStore.swift in Sources */ = {isa = PBXBuildFile; fileRef = BEEF0000000000000000000E /* SharedStore.swift */; };
		BEEF0000000000000000000E /* SharedStore.swift */ = {isa = PBXFileReference; lastKnownFileType = sourcecode.swift; path = SharedStore.swift; sourceTree = "<group>"; };
		BEEF0000000000000000000F /* AppSettings.swift in Sources */ = {isa = PBXBuildFile; fileRef = BEEF00000000000000000010 /* AppSettings.swift */; };
		BEEF00000000000000000010 /* AppSettings.swift */ = {isa = PBXFileReference; lastKnownFileType = sourcecode.swift; path = AppSettings.swift; sourceTree = "<group>"; };
		BEEF00000000000000000011 /* Theme.swift in Sources */ = {isa = PBXBuildFile; fileRef = BEEF00000000000000000012 /* Theme.swift */; };
		BEEF00000000000000000012 /* Theme.swift */ = {isa = PBXFileReference; lastKnownFileType = sourcecode.swift; path = Theme.swift; sourceTree = "<group>"; };
		BEEF00000000000000000013 /* Formatting.swift in Sources */ = {isa = PBXBuildFile; fileRef = BEEF00000000000000000014 /* Formatting.swift */; };
		BEEF00000000000000000014 /* Formatting.swift */ = {isa = PBXFileReference; lastKnownFileType = sourcecode.swift; path = Formatting.swift; sourceTree = "<group>"; };
		BEEF00000000000000000015 /* BeerChillerWatchWidgetBundle.swift in Sources */ = {isa = PBXBuildFile; fileRef = BEEF00000000000000000016 /* BeerChillerWatchWidgetBundle.swift */; };
		BEEF00000000000000000016 /* BeerChillerWatchWidgetBundle.swift */ = {isa = PBXFileReference; lastKnownFileType = sourcecode.swift; path = BeerChillerWatchWidgetBundle.swift; sourceTree = "<group>"; };
		BEEF00000000000000000017 /* Frameworks */ = {
			isa = PBXFrameworksBuildPhase;
			buildActionMask = 2147483647;
			files = (
			);
			runOnlyForDeploymentPostprocessing = 0;
		};
		BEEF00000000000000000018 /* Resources */ = {
			isa = PBXResourcesBuildPhase;
			buildActionMask = 2147483647;
			files = (
				BEEF00000000000000000019,
				BEEF0000000000000000001B,
			);
			runOnlyForDeploymentPostprocessing = 0;
		};
		BEEF00000000000000000019 /* Localizable.xcstrings in Resources */ = {isa = PBXBuildFile; fileRef = BEEF0000000000000000001A /* Localizable.xcstrings */; };
		BEEF0000000000000000001A /* Localizable.xcstrings */ = {isa = PBXFileReference; lastKnownFileType = text.json.xcstrings; path = Localizable.xcstrings; sourceTree = "<group>"; };
		BEEF0000000000000000001B /* PrivacyInfo.xcprivacy in Resources */ = {isa = PBXBuildFile; fileRef = BEEF0000000000000000001C /* PrivacyInfo.xcprivacy */; };
		BEEF0000000000000000001C /* PrivacyInfo.xcprivacy */ = {isa = PBXFileReference; lastKnownFileType = text.plist.xml; path = PrivacyInfo.xcprivacy; sourceTree = "<group>"; };
		BEEF0000000000000000001D /* Debug */ = {
			isa = XCBuildConfiguration;
			buildSettings = {
				CODE_SIGN_ENTITLEMENTS = BeerChillerWatchWidget/BeerChillerWatchWidget.entitlements;
				GENERATE_INFOPLIST_FILE = NO;
				INFOPLIST_FILE = BeerChillerWatchWidget/Info.plist;
				LD_RUNPATH_SEARCH_PATHS = (
					"$(inherited)",
					"@executable_path/Frameworks",
					"@executable_path/../../Frameworks",
				);
				PRODUCT_BUNDLE_IDENTIFIER = com.bierchiller.app.watchkitapp.widget;
				PRODUCT_NAME = BeerCHILLERWatchWidget;
				SDKROOT = watchos;
				SKIP_INSTALL = YES;
				SUPPORTED_PLATFORMS = "watchsimulator watchos";
				SWIFT_VERSION = 5.0;
				TARGETED_DEVICE_FAMILY = 4;
				WATCHOS_DEPLOYMENT_TARGET = 9.0;
			};
			name = Debug;
		};
		BEEF0000000000000000001E /* Release */ = {
			isa = XCBuildConfiguration;
			buildSettings = {
				CODE_SIGN_ENTITLEMENTS = BeerChillerWatchWidget/BeerChillerWatchWidget.entitlements;
				GENERATE_INFOPLIST_FILE = NO;
				INFOPLIST_FILE = BeerChillerWatchWidget/Info.plist;
				LD_RUNPATH_SEARCH_PATHS = (
					"$(inherited)",
					"@executable_path/Frameworks",
					"@executable_path/../../Frameworks",
				);
				PRODUCT_BUNDLE_IDENTIFIER = com.bierchiller.app.watchkitapp.widget;
				PRODUCT_NAME = BeerCHILLERWatchWidget;
				SDKROOT = watchos;
				SKIP_INSTALL = YES;
				SUPPORTED_PLATFORMS = "watchsimulator watchos";
				SWIFT_VERSION = 5.0;
				TARGETED_DEVICE_FAMILY = 4;
				WATCHOS_DEPLOYMENT_TARGET = 9.0;
			};
			name = Release;
		};
		BEEF0000000000000000001F /* Build configuration list for PBXNativeTarget "BeerCHILLERWatchWidget" */ = {
			isa = XCConfigurationList;
			buildConfigurations = (
				BEEF0000000000000000001D /* Debug */,
				BEEF0000000000000000001E /* Release */,
			);
			defaultConfigurationIsVisible = 0;
			defaultConfigurationName = Release;
		};
		BEEF00000000000000000020 /* PBXContainerItemProxy */ = {
			isa = PBXContainerItemProxy;
			containerPortal = BEEF00000000000000000001;
			proxyType = 1;
			remoteGlobalIDString = BEEF00000000000000000002;
			remoteInfo = BeerCHILLERWatchWidget;
		};
		BEEF00000000000000000021 /* PBXTargetDependency */ = {
			isa = PBXTargetDependency;
			target = BEEF00000000000000000002 /* BeerCHILLERWatchWidget */;
			targetProxy = BEEF00000000000000000020;
		};
		BEEF00000000000000000022 /* Embed Foundation Extensions */ = {
			isa = PBXCopyFilesBuildPhase;
			buildActionMask = 2147483647;
			dstPath = "";
			dstSubfolderSpec = 13;
			files = (
				BEEF00000000000000000023,
			);
			name = "Embed Foundation Extensions";
			runOnlyForDeploymentPostprocessing = 0;
		};
		BEEF00000000000000000023 /* BeerCHILLERWatchWidget.appex in Embed Foundation Extensions */ = {isa = PBXBuildFile; fileRef = BEEF00000000000000000003 /* BeerCHILLERWatchWidget.appex */; settings = {ATTRIBUTES = (RemoveHeadersOnCopy, ); }; };
		BEEF00000000000000000024 /* BeerCHILLERWatch */ = {
			isa = PBXNativeTarget;
			buildConfigurationList = BEEF00000000000000000045;
			buildPhases = (
				BEEF00000000000000000026,
				BEEF0000000000000000003D,
				BEEF0000000000000000003E,
				BEEF00000000000000000022,
			);
			buildRules = (
			);
			dependencies = (
				BEEF00000000000000000021,
			);
			name = BeerCHILLERWatch;
			productName = BeerCHILLERWatch;
			productReference = BEEF00000000000000000025;
			productType = "com.apple.product-type.application";
		};
		BEEF00000000000000000025 /* BeerCHILLERWatch.app */ = {isa = PBXFileReference; explicitFileType = "wrapper.application"; includeInIndex = 0; path = BeerCHILLERWatch.app; sourceTree = BUILT_PRODUCTS_DIR; };
		BEEF00000000000000000026 /* Sources */ = {
			isa = PBXSourcesBuildPhase;
			buildActionMask = 2147483647;
			files = (
				BEEF00000000000000000027,
				BEEF00000000000000000028,
				BEEF00000000000000000029,
				BEEF0000000000000000002A,
				BEEF0000000000000000002B,
				BEEF0000000000000000002C,
				BEEF0000000000000000002D,
				BEEF0000000000000000002E,
				BEEF0000000000000000002F,
				BEEF00000000000000000031,
				BEEF00000000000000000033,
				BEEF00000000000000000035,
				BEEF00000000000000000037,
				BEEF00000000000000000039,
				BEEF0000000000000000003B,
			);
			runOnlyForDeploymentPostprocessing = 0;
		};
		BEEF00000000000000000027 /* CoolingModel.swift in Sources */ = {isa = PBXBuildFile; fileRef = BEEF00000000000000000006 /* CoolingModel.swift */; };
		BEEF00000000000000000028 /* BrandMark.swift in Sources */ = {isa = PBXBuildFile; fileRef = BEEF00000000000000000008 /* BrandMark.swift */; };
		BEEF00000000000000000029 /* WidgetTimeline.swift in Sources */ = {isa = PBXBuildFile; fileRef = BEEF0000000000000000000A /* WidgetTimeline.swift */; };
		BEEF0000000000000000002A /* ChillSession.swift in Sources */ = {isa = PBXBuildFile; fileRef = BEEF0000000000000000000C /* ChillSession.swift */; };
		BEEF0000000000000000002B /* SharedStore.swift in Sources */ = {isa = PBXBuildFile; fileRef = BEEF0000000000000000000E /* SharedStore.swift */; };
		BEEF0000000000000000002C /* AppSettings.swift in Sources */ = {isa = PBXBuildFile; fileRef = BEEF00000000000000000010 /* AppSettings.swift */; };
		BEEF0000000000000000002D /* Theme.swift in Sources */ = {isa = PBXBuildFile; fileRef = BEEF00000000000000000012 /* Theme.swift */; };
		BEEF0000000000000000002E /* Formatting.swift in Sources */ = {isa = PBXBuildFile; fileRef = BEEF00000000000000000014 /* Formatting.swift */; };
		BEEF0000000000000000002F /* ChillActivityAttributes.swift in Sources */ = {isa = PBXBuildFile; fileRef = BEEF00000000000000000030 /* ChillActivityAttributes.swift */; };
		BEEF00000000000000000030 /* ChillActivityAttributes.swift */ = {isa = PBXFileReference; lastKnownFileType = sourcecode.swift; path = ChillActivityAttributes.swift; sourceTree = "<group>"; };
		BEEF00000000000000000031 /* ChillController.swift in Sources */ = {isa = PBXBuildFile; fileRef = BEEF00000000000000000032 /* ChillController.swift */; };
		BEEF00000000000000000032 /* ChillController.swift */ = {isa = PBXFileReference; lastKnownFileType = sourcecode.swift; path = ChillController.swift; sourceTree = "<group>"; };
		BEEF00000000000000000033 /* WatchSync.swift in Sources */ = {isa = PBXBuildFile; fileRef = BEEF00000000000000000034 /* WatchSync.swift */; };
		BEEF00000000000000000034 /* WatchSync.swift */ = {isa = PBXFileReference; lastKnownFileType = sourcecode.swift; path = WatchSync.swift; sourceTree = "<group>"; };
		BEEF00000000000000000035 /* AlarmSound.swift in Sources */ = {isa = PBXBuildFile; fileRef = BEEF00000000000000000036 /* AlarmSound.swift */; };
		BEEF00000000000000000036 /* AlarmSound.swift */ = {isa = PBXFileReference; lastKnownFileType = sourcecode.swift; path = AlarmSound.swift; sourceTree = "<group>"; };
		BEEF00000000000000000037 /* SystemAlarm.swift in Sources */ = {isa = PBXBuildFile; fileRef = BEEF00000000000000000038 /* SystemAlarm.swift */; };
		BEEF00000000000000000038 /* SystemAlarm.swift */ = {isa = PBXFileReference; lastKnownFileType = sourcecode.swift; path = SystemAlarm.swift; sourceTree = "<group>"; };
		BEEF00000000000000000039 /* BeerChillerWatchApp.swift in Sources */ = {isa = PBXBuildFile; fileRef = BEEF0000000000000000003A /* BeerChillerWatchApp.swift */; };
		BEEF0000000000000000003A /* BeerChillerWatchApp.swift */ = {isa = PBXFileReference; lastKnownFileType = sourcecode.swift; path = BeerChillerWatchApp.swift; sourceTree = "<group>"; };
		BEEF0000000000000000003B /* WatchRootView.swift in Sources */ = {isa = PBXBuildFile; fileRef = BEEF0000000000000000003C /* WatchRootView.swift */; };
		BEEF0000000000000000003C /* WatchRootView.swift */ = {isa = PBXFileReference; lastKnownFileType = sourcecode.swift; path = WatchRootView.swift; sourceTree = "<group>"; };
		BEEF0000000000000000003D /* Frameworks */ = {
			isa = PBXFrameworksBuildPhase;
			buildActionMask = 2147483647;
			files = (
			);
			runOnlyForDeploymentPostprocessing = 0;
		};
		BEEF0000000000000000003E /* Resources */ = {
			isa = PBXResourcesBuildPhase;
			buildActionMask = 2147483647;
			files = (
				BEEF0000000000000000003F,
				BEEF00000000000000000041,
				BEEF00000000000000000042,
			);
			runOnlyForDeploymentPostprocessing = 0;
		};
		BEEF0000000000000000003F /* Assets.xcassets in Resources */ = {isa = PBXBuildFile; fileRef = BEEF00000000000000000040 /* Assets.xcassets */; };
		BEEF00000000000000000040 /* Assets.xcassets */ = {isa = PBXFileReference; lastKnownFileType = folder.assetcatalog; path = Assets.xcassets; sourceTree = "<group>"; };
		BEEF00000000000000000041 /* Localizable.xcstrings in Resources */ = {isa = PBXBuildFile; fileRef = BEEF0000000000000000001A /* Localizable.xcstrings */; };
		BEEF00000000000000000042 /* PrivacyInfo.xcprivacy in Resources */ = {isa = PBXBuildFile; fileRef = BEEF0000000000000000001C /* PrivacyInfo.xcprivacy */; };
		BEEF00000000000000000043 /* Debug */ = {
			isa = XCBuildConfiguration;
			buildSettings = {
				ASSETCATALOG_COMPILER_APPICON_NAME = AppIcon;
				CODE_SIGN_ENTITLEMENTS = BeerChillerWatch/BeerChillerWatch.entitlements;
				ENABLE_PREVIEWS = YES;
				GENERATE_INFOPLIST_FILE = NO;
				INFOPLIST_FILE = BeerChillerWatch/Info.plist;
				LD_RUNPATH_SEARCH_PATHS = (
					"$(inherited)",
					"@executable_path/Frameworks",
				);
				PRODUCT_BUNDLE_IDENTIFIER = com.bierchiller.app.watchkitapp;
				PRODUCT_NAME = BeerCHILLERWatch;
				SDKROOT = watchos;
				SKIP_INSTALL = YES;
				SUPPORTED_PLATFORMS = "watchsimulator watchos";
				SWIFT_VERSION = 5.0;
				TARGETED_DEVICE_FAMILY = 4;
				WATCHOS_DEPLOYMENT_TARGET = 9.0;
			};
			name = Debug;
		};
		BEEF00000000000000000044 /* Release */ = {
			isa = XCBuildConfiguration;
			buildSettings = {
				ASSETCATALOG_COMPILER_APPICON_NAME = AppIcon;
				CODE_SIGN_ENTITLEMENTS = BeerChillerWatch/BeerChillerWatch.entitlements;
				ENABLE_PREVIEWS = YES;
				GENERATE_INFOPLIST_FILE = NO;
				INFOPLIST_FILE = BeerChillerWatch/Info.plist;
				LD_RUNPATH_SEARCH_PATHS = (
					"$(inherited)",
					"@executable_path/Frameworks",
				);
				PRODUCT_BUNDLE_IDENTIFIER = com.bierchiller.app.watchkitapp;
				PRODUCT_NAME = BeerCHILLERWatch;
				SDKROOT = watchos;
				SKIP_INSTALL = YES;
				SUPPORTED_PLATFORMS = "watchsimulator watchos";
				SWIFT_VERSION = 5.0;
				TARGETED_DEVICE_FAMILY = 4;
				WATCHOS_DEPLOYMENT_TARGET = 9.0;
			};
			name = Release;
		};
		BEEF00000000000000000045 /* Build configuration list for PBXNativeTarget "BeerCHILLERWatch" */ = {
			isa = XCConfigurationList;
			buildConfigurations = (
				BEEF00000000000000000043 /* Debug */,
				BEEF00000000000000000044 /* Release */,
			);
			defaultConfigurationIsVisible = 0;
			defaultConfigurationName = Release;
		};
		BEEF00000000000000000046 /* BeerCHILLERWidget */ = {
			isa = PBXNativeTarget;
			buildConfigurationList = BEEF0000000000000000005E;
			buildPhases = (
				BEEF00000000000000000048,
				BEEF00000000000000000058,
				BEEF00000000000000000059,
			);
			buildRules = (
			);
			dependencies = (
			);
			name = BeerCHILLERWidget;
			productName = BeerCHILLERWidget;
			productReference = BEEF00000000000000000047;
			productType = "com.apple.product-type.app-extension";
		};
		BEEF00000000000000000047 /* BeerCHILLERWidget.appex */ = {isa = PBXFileReference; explicitFileType = "wrapper.app-extension"; includeInIndex = 0; path = BeerCHILLERWidget.appex; sourceTree = BUILT_PRODUCTS_DIR; };
		BEEF00000000000000000048 /* Sources */ = {
			isa = PBXSourcesBuildPhase;
			buildActionMask = 2147483647;
			files = (
				BEEF00000000000000000049,
				BEEF0000000000000000004A,
				BEEF0000000000000000004B,
				BEEF0000000000000000004C,
				BEEF0000000000000000004D,
				BEEF0000000000000000004E,
				BEEF0000000000000000004F,
				BEEF00000000000000000050,
				BEEF00000000000000000051,
				BEEF00000000000000000052,
				BEEF00000000000000000054,
				BEEF00000000000000000056,
			);
			runOnlyForDeploymentPostprocessing = 0;
		};
		BEEF00000000000000000049 /* CoolingModel.swift in Sources */ = {isa = PBXBuildFile; fileRef = BEEF00000000000000000006 /* CoolingModel.swift */; };
		BEEF0000000000000000004A /* BrandMark.swift in Sources */ = {isa = PBXBuildFile; fileRef = BEEF00000000000000000008 /* BrandMark.swift */; };
		BEEF0000000000000000004B /* WidgetTimeline.swift in Sources */ = {isa = PBXBuildFile; fileRef = BEEF0000000000000000000A /* WidgetTimeline.swift */; };
		BEEF0000000000000000004C /* ChillSession.swift in Sources */ = {isa = PBXBuildFile; fileRef = BEEF0000000000000000000C /* ChillSession.swift */; };
		BEEF0000000000000000004D /* SharedStore.swift in Sources */ = {isa = PBXBuildFile; fileRef = BEEF0000000000000000000E /* SharedStore.swift */; };
		BEEF0000000000000000004E /* AppSettings.swift in Sources */ = {isa = PBXBuildFile; fileRef = BEEF00000000000000000010 /* AppSettings.swift */; };
		BEEF0000000000000000004F /* Theme.swift in Sources */ = {isa = PBXBuildFile; fileRef = BEEF00000000000000000012 /* Theme.swift */; };
		BEEF00000000000000000050 /* Formatting.swift in Sources */ = {isa = PBXBuildFile; fileRef = BEEF00000000000000000014 /* Formatting.swift */; };
		BEEF00000000000000000051 /* ChillActivityAttributes.swift in Sources */ = {isa = PBXBuildFile; fileRef = BEEF00000000000000000030 /* ChillActivityAttributes.swift */; };
		BEEF00000000000000000052 /* BeerChillerWidgetBundle.swift in Sources */ = {isa = PBXBuildFile; fileRef = BEEF00000000000000000053 /* BeerChillerWidgetBundle.swift */; };
		BEEF00000000000000000053 /* BeerChillerWidgetBundle.swift */ = {isa = PBXFileReference; lastKnownFileType = sourcecode.swift; path = BeerChillerWidgetBundle.swift; sourceTree = "<group>"; };
		BEEF00000000000000000054 /* ChillTimerWidget.swift in Sources */ = {isa = PBXBuildFile; fileRef = BEEF00000000000000000055 /* ChillTimerWidget.swift */; };
		BEEF00000000000000000055 /* ChillTimerWidget.swift */ = {isa = PBXFileReference; lastKnownFileType = sourcecode.swift; path = ChillTimerWidget.swift; sourceTree = "<group>"; };
		BEEF00000000000000000056 /* ChillLiveActivity.swift in Sources */ = {isa = PBXBuildFile; fileRef = BEEF00000000000000000057 /* ChillLiveActivity.swift */; };
		BEEF00000000000000000057 /* ChillLiveActivity.swift */ = {isa = PBXFileReference; lastKnownFileType = sourcecode.swift; path = ChillLiveActivity.swift; sourceTree = "<group>"; };
		BEEF00000000000000000058 /* Frameworks */ = {
			isa = PBXFrameworksBuildPhase;
			buildActionMask = 2147483647;
			files = (
			);
			runOnlyForDeploymentPostprocessing = 0;
		};
		BEEF00000000000000000059 /* Resources */ = {
			isa = PBXResourcesBuildPhase;
			buildActionMask = 2147483647;
			files = (
				BEEF0000000000000000005A,
				BEEF0000000000000000005B,
			);
			runOnlyForDeploymentPostprocessing = 0;
		};
		BEEF0000000000000000005A /* Localizable.xcstrings in Resources */ = {isa = PBXBuildFile; fileRef = BEEF0000000000000000001A /* Localizable.xcstrings */; };
		BEEF0000000000000000005B /* PrivacyInfo.xcprivacy in Resources */ = {isa = PBXBuildFile; fileRef = BEEF0000000000000000001C /* PrivacyInfo.xcprivacy */; };
		BEEF0000000000000000005C /* Debug */ = {
			isa = XCBuildConfiguration;
			buildSettings = {
				CODE_SIGN_ENTITLEMENTS = BeerChillerWidget/BeerChillerWidget.entitlements;
				GENERATE_INFOPLIST_FILE = NO;
				INFOPLIST_FILE = BeerChillerWidget/Info.plist;
				IPHONEOS_DEPLOYMENT_TARGET = 16.0;
				LD_RUNPATH_SEARCH_PATHS = (
					"$(inherited)",
					"@executable_path/Frameworks",
					"@executable_path/../../Frameworks",
				);
				PRODUCT_BUNDLE_IDENTIFIER = com.bierchiller.app.widget;
				PRODUCT_NAME = BeerCHILLERWidget;
				SDKROOT = iphoneos;
				SKIP_INSTALL = YES;
				SUPPORTED_PLATFORMS = "iphonesimulator iphoneos";
				SWIFT_VERSION = 5.0;
				TARGETED_DEVICE_FAMILY = "1,2";
			};
			name = Debug;
		};
		BEEF0000000000000000005D /* Release */ = {
			isa = XCBuildConfiguration;
			buildSettings = {
				CODE_SIGN_ENTITLEMENTS = BeerChillerWidget/BeerChillerWidget.entitlements;
				GENERATE_INFOPLIST_FILE = NO;
				INFOPLIST_FILE = BeerChillerWidget/Info.plist;
				IPHONEOS_DEPLOYMENT_TARGET = 16.0;
				LD_RUNPATH_SEARCH_PATHS = (
					"$(inherited)",
					"@executable_path/Frameworks",
					"@executable_path/../../Frameworks",
				);
				PRODUCT_BUNDLE_IDENTIFIER = com.bierchiller.app.widget;
				PRODUCT_NAME = BeerCHILLERWidget;
				SDKROOT = iphoneos;
				SKIP_INSTALL = YES;
				SUPPORTED_PLATFORMS = "iphonesimulator iphoneos";
				SWIFT_VERSION = 5.0;
				TARGETED_DEVICE_FAMILY = "1,2";
			};
			name = Release;
		};
		BEEF0000000000000000005E /* Build configuration list for PBXNativeTarget "BeerCHILLERWidget" */ = {
			isa = XCConfigurationList;
			buildConfigurations = (
				BEEF0000000000000000005C /* Debug */,
				BEEF0000000000000000005D /* Release */,
			);
			defaultConfigurationIsVisible = 0;
			defaultConfigurationName = Release;
		};
		BEEF0000000000000000005F /* PBXContainerItemProxy */ = {
			isa = PBXContainerItemProxy;
			containerPortal = BEEF00000000000000000001;
			proxyType = 1;
			remoteGlobalIDString = BEEF00000000000000000046;
			remoteInfo = BeerCHILLERWidget;
		};
		BEEF00000000000000000060 /* PBXTargetDependency */ = {
			isa = PBXTargetDependency;
			target = BEEF00000000000000000046 /* BeerCHILLERWidget */;
			targetProxy = BEEF0000000000000000005F;
		};
		BEEF00000000000000000061 /* Embed Foundation Extensions */ = {
			isa = PBXCopyFilesBuildPhase;
			buildActionMask = 2147483647;
			dstPath = "";
			dstSubfolderSpec = 13;
			files = (
				BEEF00000000000000000062,
			);
			name = "Embed Foundation Extensions";
			runOnlyForDeploymentPostprocessing = 0;
		};
		BEEF00000000000000000062 /* BeerCHILLERWidget.appex in Embed Foundation Extensions */ = {isa = PBXBuildFile; fileRef = BEEF00000000000000000047 /* BeerCHILLERWidget.appex */; settings = {ATTRIBUTES = (RemoveHeadersOnCopy, ); }; };
		BEEF00000000000000000063 /* PBXContainerItemProxy */ = {
			isa = PBXContainerItemProxy;
			containerPortal = BEEF00000000000000000001;
			proxyType = 1;
			remoteGlobalIDString = BEEF00000000000000000024;
			remoteInfo = BeerCHILLERWatch;
		};
		BEEF00000000000000000064 /* PBXTargetDependency */ = {
			isa = PBXTargetDependency;
			target = BEEF00000000000000000024 /* BeerCHILLERWatch */;
			targetProxy = BEEF00000000000000000063;
		};
		BEEF00000000000000000065 /* Embed Watch Content */ = {
			isa = PBXCopyFilesBuildPhase;
			buildActionMask = 2147483647;
			dstPath = "$(CONTENTS_FOLDER_PATH)/Watch";
			dstSubfolderSpec = 16;
			files = (
				BEEF00000000000000000066,
			);
			name = "Embed Watch Content";
			runOnlyForDeploymentPostprocessing = 0;
		};
		BEEF00000000000000000066 /* BeerCHILLERWatch.app in Embed Watch Content */ = {isa = PBXBuildFile; fileRef = BEEF00000000000000000025 /* BeerCHILLERWatch.app */; settings = {ATTRIBUTES = (RemoveHeadersOnCopy, ); }; };
		BEEF00000000000000000067 /* BeerCHILLER */ = {
			isa = PBXNativeTarget;
			buildConfigurationList = BEEF000000000000000000A1;
			buildPhases = (
				BEEF00000000000000000069,
				BEEF00000000000000000087,
				BEEF00000000000000000088,
				BEEF00000000000000000061,
				BEEF00000000000000000065,
			);
			buildRules = (
			);
			dependencies = (
				BEEF00000000000000000060,
				BEEF00000000000000000064,
			);
			name = BeerCHILLER;
			productName = BeerCHILLER;
			productReference = BEEF00000000000000000068;
			productType = "com.apple.product-type.application";
		};
		BEEF00000000000000000068 /* BeerCHILLER.app */ = {isa = PBXFileReference; explicitFileType = "wrapper.application"; includeInIndex = 0; path = BeerCHILLER.app; sourceTree = BUILT_PRODUCTS_DIR; };
		BEEF00000000000000000069 /* Sources */ = {
			isa = PBXSourcesBuildPhase;
			buildActionMask = 2147483647;
			files = (
				BEEF0000000000000000006A,
				BEEF0000000000000000006B,
				BEEF0000000000000000006C,
				BEEF0000000000000000006D,
				BEEF0000000000000000006E,
				BEEF0000000000000000006F,
				BEEF00000000000000000070,
				BEEF00000000000000000071,
				BEEF00000000000000000072,
				BEEF00000000000000000073,
				BEEF00000000000000000074,
				BEEF00000000000000000075,
				BEEF00000000000000000076,
				BEEF00000000000000000077,
				BEEF00000000000000000079,
				BEEF0000000000000000007B,
				BEEF0000000000000000007D,
				BEEF0000000000000000007F,
				BEEF00000000000000000081,
				BEEF00000000000000000083,
				BEEF00000000000000000085,
			);
			runOnlyForDeploymentPostprocessing = 0;
		};
		BEEF0000000000000000006A /* CoolingModel.swift in Sources */ = {isa = PBXBuildFile; fileRef = BEEF00000000000000000006 /* CoolingModel.swift */; };
		BEEF0000000000000000006B /* BrandMark.swift in Sources */ = {isa = PBXBuildFile; fileRef = BEEF00000000000000000008 /* BrandMark.swift */; };
		BEEF0000000000000000006C /* WidgetTimeline.swift in Sources */ = {isa = PBXBuildFile; fileRef = BEEF0000000000000000000A /* WidgetTimeline.swift */; };
		BEEF0000000000000000006D /* ChillSession.swift in Sources */ = {isa = PBXBuildFile; fileRef = BEEF0000000000000000000C /* ChillSession.swift */; };
		BEEF0000000000000000006E /* SharedStore.swift in Sources */ = {isa = PBXBuildFile; fileRef = BEEF0000000000000000000E /* SharedStore.swift */; };
		BEEF0000000000000000006F /* AppSettings.swift in Sources */ = {isa = PBXBuildFile; fileRef = BEEF00000000000000000010 /* AppSettings.swift */; };
		BEEF00000000000000000070 /* Theme.swift in Sources */ = {isa = PBXBuildFile; fileRef = BEEF00000000000000000012 /* Theme.swift */; };
		BEEF00000000000000000071 /* Formatting.swift in Sources */ = {isa = PBXBuildFile; fileRef = BEEF00000000000000000014 /* Formatting.swift */; };
		BEEF00000000000000000072 /* ChillActivityAttributes.swift in Sources */ = {isa = PBXBuildFile; fileRef = BEEF00000000000000000030 /* ChillActivityAttributes.swift */; };
		BEEF00000000000000000073 /* ChillController.swift in Sources */ = {isa = PBXBuildFile; fileRef = BEEF00000000000000000032 /* ChillController.swift */; };
		BEEF00000000000000000074 /* WatchSync.swift in Sources */ = {isa = PBXBuildFile; fileRef = BEEF00000000000000000034 /* WatchSync.swift */; };
		BEEF00000000000000000075 /* AlarmSound.swift in Sources */ = {isa = PBXBuildFile; fileRef = BEEF00000000000000000036 /* AlarmSound.swift */; };
		BEEF00000000000000000076 /* SystemAlarm.swift in Sources */ = {isa = PBXBuildFile; fileRef = BEEF00000000000000000038 /* SystemAlarm.swift */; };
		BEEF00000000000000000077 /* BeerChillerApp.swift in Sources */ = {isa = PBXBuildFile; fileRef = BEEF00000000000000000078 /* BeerChillerApp.swift */; };
		BEEF00000000000000000078 /* BeerChillerApp.swift */ = {isa = PBXFileReference; lastKnownFileType = sourcecode.swift; path = BeerChillerApp.swift; sourceTree = "<group>"; };
		BEEF00000000000000000079 /* Components.swift in Sources */ = {isa = PBXBuildFile; fileRef = BEEF0000000000000000007A /* Components.swift */; };
		BEEF0000000000000000007A /* Components.swift */ = {isa = PBXFileReference; lastKnownFileType = sourcecode.swift; path = Components.swift; sourceTree = "<group>"; };
		BEEF0000000000000000007B /* RootView.swift in Sources */ = {isa = PBXBuildFile; fileRef = BEEF0000000000000000007C /* RootView.swift */; };
		BEEF0000000000000000007C /* RootView.swift */ = {isa = PBXFileReference; lastKnownFileType = sourcecode.swift; path = RootView.swift; sourceTree = "<group>"; };
		BEEF0000000000000000007D /* SettingsView.swift in Sources */ = {isa = PBXBuildFile; fileRef = BEEF0000000000000000007E /* SettingsView.swift */; };
		BEEF0000000000000000007E /* SettingsView.swift */ = {isa = PBXFileReference; lastKnownFileType = sourcecode.swift; path = SettingsView.swift; sourceTree = "<group>"; };
		BEEF0000000000000000007F /* AlarmView.swift in Sources */ = {isa = PBXBuildFile; fileRef = BEEF00000000000000000080 /* AlarmView.swift */; };
		BEEF00000000000000000080 /* AlarmView.swift */ = {isa = PBXFileReference; lastKnownFileType = sourcecode.swift; path = AlarmView.swift; sourceTree = "<group>"; };
		BEEF00000000000000000081 /* InfoView.swift in Sources */ = {isa = PBXBuildFile; fileRef = BEEF00000000000000000082 /* InfoView.swift */; };
		BEEF00000000000000000082 /* InfoView.swift */ = {isa = PBXFileReference; lastKnownFileType = sourcecode.swift; path = InfoView.swift; sourceTree = "<group>"; };
		BEEF00000000000000000083 /* HelpView.swift in Sources */ = {isa = PBXBuildFile; fileRef = BEEF00000000000000000084 /* HelpView.swift */; };
		BEEF00000000000000000084 /* HelpView.swift */ = {isa = PBXFileReference; lastKnownFileType = sourcecode.swift; path = HelpView.swift; sourceTree = "<group>"; };
		BEEF00000000000000000085 /* MathFormula.swift in Sources */ = {isa = PBXBuildFile; fileRef = BEEF00000000000000000086 /* MathFormula.swift */; };
		BEEF00000000000000000086 /* MathFormula.swift */ = {isa = PBXFileReference; lastKnownFileType = sourcecode.swift; path = MathFormula.swift; sourceTree = "<group>"; };
		BEEF00000000000000000087 /* Frameworks */ = {
			isa = PBXFrameworksBuildPhase;
			buildActionMask = 2147483647;
			files = (
			);
			runOnlyForDeploymentPostprocessing = 0;
		};
		BEEF00000000000000000088 /* Resources */ = {
			isa = PBXResourcesBuildPhase;
			buildActionMask = 2147483647;
			files = (
				BEEF00000000000000000089,
				BEEF0000000000000000008B,
				BEEF0000000000000000008C,
				BEEF0000000000000000008D,
				BEEF0000000000000000008F,
				BEEF00000000000000000091,
				BEEF00000000000000000093,
				BEEF00000000000000000095,
				BEEF00000000000000000097,
				BEEF00000000000000000099,
				BEEF0000000000000000009B,
				BEEF0000000000000000009D,
			);
			runOnlyForDeploymentPostprocessing = 0;
		};
		BEEF00000000000000000089 /* Assets.xcassets in Resources */ = {isa = PBXBuildFile; fileRef = BEEF0000000000000000008A /* Assets.xcassets */; };
		BEEF0000000000000000008A /* Assets.xcassets */ = {isa = PBXFileReference; lastKnownFileType = folder.assetcatalog; path = Assets.xcassets; sourceTree = "<group>"; };
		BEEF0000000000000000008B /* Localizable.xcstrings in Resources */ = {isa = PBXBuildFile; fileRef = BEEF0000000000000000001A /* Localizable.xcstrings */; };
		BEEF0000000000000000008C /* PrivacyInfo.xcprivacy in Resources */ = {isa = PBXBuildFile; fileRef = BEEF0000000000000000001C /* PrivacyInfo.xcprivacy */; };
		BEEF0000000000000000008D /* alarm.wav in Resources */ = {isa = PBXBuildFile; fileRef = BEEF0000000000000000008E /* alarm.wav */; };
		BEEF0000000000000000008E /* alarm.wav */ = {isa = PBXFileReference; lastKnownFileType = audio.wav; path = alarm.wav; sourceTree = "<group>"; };
		BEEF0000000000000000008F /* InfoPlist.xcstrings in Resources */ = {isa = PBXBuildFile; fileRef = BEEF00000000000000000090 /* InfoPlist.xcstrings */; };
		BEEF00000000000000000090 /* InfoPlist.xcstrings */ = {isa = PBXFileReference; lastKnownFileType = text.json.xcstrings; path = InfoPlist.xcstrings; sourceTree = "<group>"; };
		BEEF00000000000000000091 /* cooling_model_de.md in Resources */ = {isa = PBXBuildFile; fileRef = BEEF00000000000000000092 /* cooling_model_de.md */; };
		BEEF00000000000000000092 /* cooling_model_de.md */ = {isa = PBXFileReference; lastKnownFileType = net.daringfireball.markdown; path = cooling_model_de.md; sourceTree = "<group>"; };
		BEEF00000000000000000093 /* cooling_model_en.md in Resources */ = {isa = PBXBuildFile; fileRef = BEEF00000000000000000094 /* cooling_model_en.md */; };
		BEEF00000000000000000094 /* cooling_model_en.md */ = {isa = PBXFileReference; lastKnownFileType = net.daringfireball.markdown; path = cooling_model_en.md; sourceTree = "<group>"; };
		BEEF00000000000000000095 /* cooling_model_es.md in Resources */ = {isa = PBXBuildFile; fileRef = BEEF00000000000000000096 /* cooling_model_es.md */; };
		BEEF00000000000000000096 /* cooling_model_es.md */ = {isa = PBXFileReference; lastKnownFileType = net.daringfireball.markdown; path = cooling_model_es.md; sourceTree = "<group>"; };
		BEEF00000000000000000097 /* cooling_model_fr.md in Resources */ = {isa = PBXBuildFile; fileRef = BEEF00000000000000000098 /* cooling_model_fr.md */; };
		BEEF00000000000000000098 /* cooling_model_fr.md */ = {isa = PBXFileReference; lastKnownFileType = net.daringfireball.markdown; path = cooling_model_fr.md; sourceTree = "<group>"; };
		BEEF00000000000000000099 /* cooling_model_it.md in Resources */ = {isa = PBXBuildFile; fileRef = BEEF0000000000000000009A /* cooling_model_it.md */; };
		BEEF0000000000000000009A /* cooling_model_it.md */ = {isa = PBXFileReference; lastKnownFileType = net.daringfireball.markdown; path = cooling_model_it.md; sourceTree = "<group>"; };
		BEEF0000000000000000009B /* cooling_model_nl.md in Resources */ = {isa = PBXBuildFile; fileRef = BEEF0000000000000000009C /* cooling_model_nl.md */; };
		BEEF0000000000000000009C /* cooling_model_nl.md */ = {isa = PBXFileReference; lastKnownFileType = net.daringfireball.markdown; path = cooling_model_nl.md; sourceTree = "<group>"; };
		BEEF0000000000000000009D /* cooling_model_pt.md in Resources */ = {isa = PBXBuildFile; fileRef = BEEF0000000000000000009E /* cooling_model_pt.md */; };
		BEEF0000000000000000009E /* cooling_model_pt.md */ = {isa = PBXFileReference; lastKnownFileType = net.daringfireball.markdown; path = cooling_model_pt.md; sourceTree = "<group>"; };
		BEEF0000000000000000009F /* Debug */ = {
			isa = XCBuildConfiguration;
			buildSettings = {
				ASSETCATALOG_COMPILER_APPICON_NAME = AppIcon;
				ASSETCATALOG_COMPILER_GLOBAL_ACCENT_COLOR_NAME = "";
				CODE_SIGN_ENTITLEMENTS = BeerChiller/BeerChiller.entitlements;
				ENABLE_PREVIEWS = YES;
				GENERATE_INFOPLIST_FILE = NO;
				INFOPLIST_FILE = BeerChiller/Info.plist;
				IPHONEOS_DEPLOYMENT_TARGET = 16.0;
				LD_RUNPATH_SEARCH_PATHS = (
					"$(inherited)",
					"@executable_path/Frameworks",
				);
				PRODUCT_BUNDLE_IDENTIFIER = com.bierchiller.app;
				PRODUCT_MODULE_NAME = BeerCHILLER;
				PRODUCT_NAME = BeerCHILLER;
				SDKROOT = iphoneos;
				SUPPORTED_PLATFORMS = "iphonesimulator iphoneos";
				SWIFT_EMIT_LOC_STRINGS = YES;
				SWIFT_VERSION = 5.0;
				TARGETED_DEVICE_FAMILY = "1,2";
			};
			name = Debug;
		};
		BEEF000000000000000000A0 /* Release */ = {
			isa = XCBuildConfiguration;
			buildSettings = {
				ASSETCATALOG_COMPILER_APPICON_NAME = AppIcon;
				ASSETCATALOG_COMPILER_GLOBAL_ACCENT_COLOR_NAME = "";
				CODE_SIGN_ENTITLEMENTS = BeerChiller/BeerChiller.entitlements;
				ENABLE_PREVIEWS = YES;
				GENERATE_INFOPLIST_FILE = NO;
				INFOPLIST_FILE = BeerChiller/Info.plist;
				IPHONEOS_DEPLOYMENT_TARGET = 16.0;
				LD_RUNPATH_SEARCH_PATHS = (
					"$(inherited)",
					"@executable_path/Frameworks",
				);
				PRODUCT_BUNDLE_IDENTIFIER = com.bierchiller.app;
				PRODUCT_MODULE_NAME = BeerCHILLER;
				PRODUCT_NAME = BeerCHILLER;
				SDKROOT = iphoneos;
				SUPPORTED_PLATFORMS = "iphonesimulator iphoneos";
				SWIFT_EMIT_LOC_STRINGS = YES;
				SWIFT_VERSION = 5.0;
				TARGETED_DEVICE_FAMILY = "1,2";
			};
			name = Release;
		};
		BEEF000000000000000000A1 /* Build configuration list for PBXNativeTarget "BeerCHILLER" */ = {
			isa = XCConfigurationList;
			buildConfigurations = (
				BEEF0000000000000000009F /* Debug */,
				BEEF000000000000000000A0 /* Release */,
			);
			defaultConfigurationIsVisible = 0;
			defaultConfigurationName = Release;
		};
		BEEF000000000000000000A2 /* PBXContainerItemProxy */ = {
			isa = PBXContainerItemProxy;
			containerPortal = BEEF00000000000000000001;
			proxyType = 1;
			remoteGlobalIDString = BEEF00000000000000000067;
			remoteInfo = BeerCHILLER;
		};
		BEEF000000000000000000A3 /* PBXTargetDependency */ = {
			isa = PBXTargetDependency;
			target = BEEF00000000000000000067 /* BeerCHILLER */;
			targetProxy = BEEF000000000000000000A2;
		};
		BEEF000000000000000000A4 /* BeerCHILLERTests */ = {
			isa = PBXNativeTarget;
			buildConfigurationList = BEEF000000000000000000AE;
			buildPhases = (
				BEEF000000000000000000A6,
				BEEF000000000000000000AB,
			);
			buildRules = (
			);
			dependencies = (
				BEEF000000000000000000A3,
			);
			name = BeerCHILLERTests;
			productName = BeerCHILLERTests;
			productReference = BEEF000000000000000000A5;
			productType = "com.apple.product-type.bundle.unit-test";
		};
		BEEF000000000000000000A5 /* BeerCHILLERTests.xctest */ = {isa = PBXFileReference; explicitFileType = "wrapper.cfbundle"; includeInIndex = 0; path = BeerCHILLERTests.xctest; sourceTree = BUILT_PRODUCTS_DIR; };
		BEEF000000000000000000A6 /* Sources */ = {
			isa = PBXSourcesBuildPhase;
			buildActionMask = 2147483647;
			files = (
				BEEF000000000000000000A7,
				BEEF000000000000000000A9,
			);
			runOnlyForDeploymentPostprocessing = 0;
		};
		BEEF000000000000000000A7 /* AlarmTests.swift in Sources */ = {isa = PBXBuildFile; fileRef = BEEF000000000000000000A8 /* AlarmTests.swift */; };
		BEEF000000000000000000A8 /* AlarmTests.swift */ = {isa = PBXFileReference; lastKnownFileType = sourcecode.swift; path = AlarmTests.swift; sourceTree = "<group>"; };
		BEEF000000000000000000A9 /* CoolingModelTests.swift in Sources */ = {isa = PBXBuildFile; fileRef = BEEF000000000000000000AA /* CoolingModelTests.swift */; };
		BEEF000000000000000000AA /* CoolingModelTests.swift */ = {isa = PBXFileReference; lastKnownFileType = sourcecode.swift; path = CoolingModelTests.swift; sourceTree = "<group>"; };
		BEEF000000000000000000AB /* Frameworks */ = {
			isa = PBXFrameworksBuildPhase;
			buildActionMask = 2147483647;
			files = (
			);
			runOnlyForDeploymentPostprocessing = 0;
		};
		BEEF000000000000000000AC /* Debug */ = {
			isa = XCBuildConfiguration;
			buildSettings = {
				BUNDLE_LOADER = "$(TEST_HOST)";
				GENERATE_INFOPLIST_FILE = YES;
				IPHONEOS_DEPLOYMENT_TARGET = 16.0;
				LD_RUNPATH_SEARCH_PATHS = (
					"$(inherited)",
					"@executable_path/Frameworks",
					"@loader_path/Frameworks",
				);
				PRODUCT_BUNDLE_IDENTIFIER = com.bierchiller.app.tests;
				PRODUCT_NAME = BeerCHILLERTests;
				SDKROOT = iphoneos;
				SUPPORTED_PLATFORMS = "iphonesimulator iphoneos";
				SWIFT_VERSION = 5.0;
				TARGETED_DEVICE_FAMILY = "1,2";
				TEST_HOST = "$(BUILT_PRODUCTS_DIR)/BeerCHILLER.app/BeerCHILLER";
			};
			name = Debug;
		};
		BEEF000000000000000000AD /* Release */ = {
			isa = XCBuildConfiguration;
			buildSettings = {
				BUNDLE_LOADER = "$(TEST_HOST)";
				GENERATE_INFOPLIST_FILE = YES;
				IPHONEOS_DEPLOYMENT_TARGET = 16.0;
				LD_RUNPATH_SEARCH_PATHS = (
					"$(inherited)",
					"@executable_path/Frameworks",
					"@loader_path/Frameworks",
				);
				PRODUCT_BUNDLE_IDENTIFIER = com.bierchiller.app.tests;
				PRODUCT_NAME = BeerCHILLERTests;
				SDKROOT = iphoneos;
				SUPPORTED_PLATFORMS = "iphonesimulator iphoneos";
				SWIFT_VERSION = 5.0;
				TARGETED_DEVICE_FAMILY = "1,2";
				TEST_HOST = "$(BUILT_PRODUCTS_DIR)/BeerCHILLER.app/BeerCHILLER";
			};
			name = Release;
		};
		BEEF000000000000000000AE /* Build configuration list for PBXNativeTarget "BeerCHILLERTests" */ = {
			isa = XCConfigurationList;
			buildConfigurations = (
				BEEF000000000000000000AC /* Debug */,
				BEEF000000000000000000AD /* Release */,
			);
			defaultConfigurationIsVisible = 0;
			defaultConfigurationName = Release;
		};
		BEEF000000000000000000AF /* PBXContainerItemProxy */ = {
			isa = PBXContainerItemProxy;
			containerPortal = BEEF00000000000000000001;
			proxyType = 1;
			remoteGlobalIDString = BEEF00000000000000000067;
			remoteInfo = BeerCHILLER;
		};
		BEEF000000000000000000B0 /* PBXTargetDependency */ = {
			isa = PBXTargetDependency;
			target = BEEF00000000000000000067 /* BeerCHILLER */;
			targetProxy = BEEF000000000000000000AF;
		};
		BEEF000000000000000000B1 /* BeerCHILLERUITests */ = {
			isa = PBXNativeTarget;
			buildConfigurationList = BEEF000000000000000000BB;
			buildPhases = (
				BEEF000000000000000000B3,
				BEEF000000000000000000B8,
			);
			buildRules = (
			);
			dependencies = (
				BEEF000000000000000000B0,
			);
			name = BeerCHILLERUITests;
			productName = BeerCHILLERUITests;
			productReference = BEEF000000000000000000B2;
			productType = "com.apple.product-type.bundle.ui-testing";
		};
		BEEF000000000000000000B2 /* BeerCHILLERUITests.xctest */ = {isa = PBXFileReference; explicitFileType = "wrapper.cfbundle"; includeInIndex = 0; path = BeerCHILLERUITests.xctest; sourceTree = BUILT_PRODUCTS_DIR; };
		BEEF000000000000000000B3 /* Sources */ = {
			isa = PBXSourcesBuildPhase;
			buildActionMask = 2147483647;
			files = (
				BEEF000000000000000000B4,
				BEEF000000000000000000B6,
			);
			runOnlyForDeploymentPostprocessing = 0;
		};
		BEEF000000000000000000B4 /* AppStoreScreenshots.swift in Sources */ = {isa = PBXBuildFile; fileRef = BEEF000000000000000000B5 /* AppStoreScreenshots.swift */; };
		BEEF000000000000000000B5 /* AppStoreScreenshots.swift */ = {isa = PBXFileReference; lastKnownFileType = sourcecode.swift; path = AppStoreScreenshots.swift; sourceTree = "<group>"; };
		BEEF000000000000000000B6 /* BeerChillerUITests.swift in Sources */ = {isa = PBXBuildFile; fileRef = BEEF000000000000000000B7 /* BeerChillerUITests.swift */; };
		BEEF000000000000000000B7 /* BeerChillerUITests.swift */ = {isa = PBXFileReference; lastKnownFileType = sourcecode.swift; path = BeerChillerUITests.swift; sourceTree = "<group>"; };
		BEEF000000000000000000B8 /* Frameworks */ = {
			isa = PBXFrameworksBuildPhase;
			buildActionMask = 2147483647;
			files = (
			);
			runOnlyForDeploymentPostprocessing = 0;
		};
		BEEF000000000000000000B9 /* Debug */ = {
			isa = XCBuildConfiguration;
			buildSettings = {
				GENERATE_INFOPLIST_FILE = YES;
				IPHONEOS_DEPLOYMENT_TARGET = 16.0;
				LD_RUNPATH_SEARCH_PATHS = (
					"$(inherited)",
					"@executable_path/Frameworks",
					"@loader_path/Frameworks",
				);
				PRODUCT_BUNDLE_IDENTIFIER = com.bierchiller.app.uitests;
				PRODUCT_NAME = BeerCHILLERUITests;
				SDKROOT = iphoneos;
				SUPPORTED_PLATFORMS = "iphonesimulator iphoneos";
				SWIFT_VERSION = 5.0;
				TARGETED_DEVICE_FAMILY = "1,2";
				TEST_TARGET_NAME = BeerCHILLER;
			};
			name = Debug;
		};
		BEEF000000000000000000BA /* Release */ = {
			isa = XCBuildConfiguration;
			buildSettings = {
				GENERATE_INFOPLIST_FILE = YES;
				IPHONEOS_DEPLOYMENT_TARGET = 16.0;
				LD_RUNPATH_SEARCH_PATHS = (
					"$(inherited)",
					"@executable_path/Frameworks",
					"@loader_path/Frameworks",
				);
				PRODUCT_BUNDLE_IDENTIFIER = com.bierchiller.app.uitests;
				PRODUCT_NAME = BeerCHILLERUITests;
				SDKROOT = iphoneos;
				SUPPORTED_PLATFORMS = "iphonesimulator iphoneos";
				SWIFT_VERSION = 5.0;
				TARGETED_DEVICE_FAMILY = "1,2";
				TEST_TARGET_NAME = BeerCHILLER;
			};
			name = Release;
		};
		BEEF000000000000000000BB /* Build configuration list for PBXNativeTarget "BeerCHILLERUITests" */ = {
			isa = XCConfigurationList;
			buildConfigurations = (
				BEEF000000000000000000B9 /* Debug */,
				BEEF000000000000000000BA /* Release */,
			);
			defaultConfigurationIsVisible = 0;
			defaultConfigurationName = Release;
		};
		BEEF000000000000000000BC /* Shared */ = {
			isa = PBXGroup;
			children = (
				BEEF00000000000000000006,
				BEEF00000000000000000008,
				BEEF0000000000000000000A,
				BEEF0000000000000000000C,
				BEEF0000000000000000000E,
				BEEF00000000000000000010,
				BEEF00000000000000000012,
				BEEF00000000000000000014,
				BEEF00000000000000000030,
				BEEF00000000000000000032,
				BEEF00000000000000000034,
				BEEF00000000000000000036,
				BEEF00000000000000000038,
			);
			path = Shared;
			sourceTree = "<group>";
		};
		BEEF000000000000000000BD /* Views */ = {
			isa = PBXGroup;
			children = (
				BEEF0000000000000000007A,
				BEEF0000000000000000007C,
				BEEF0000000000000000007E,
				BEEF00000000000000000080,
				BEEF00000000000000000082,
				BEEF00000000000000000084,
				BEEF00000000000000000086,
			);
			path = Views;
			sourceTree = "<group>";
		};
		BEEF000000000000000000BE /* Help */ = {
			isa = PBXGroup;
			children = (
				BEEF00000000000000000092,
				BEEF00000000000000000094,
				BEEF00000000000000000096,
				BEEF00000000000000000098,
				BEEF0000000000000000009A,
				BEEF0000000000000000009C,
				BEEF0000000000000000009E,
			);
			path = Help;
			sourceTree = "<group>";
		};
		BEEF000000000000000000BF /* Resources */ = {
			isa = PBXGroup;
			children = (
				BEEF0000000000000000008E,
			);
			path = Resources;
			sourceTree = "<group>";
		};
		BEEF000000000000000000C0 /* Info.plist */ = {isa = PBXFileReference; lastKnownFileType = text.plist.xml; path = Info.plist; sourceTree = "<group>"; };
		BEEF000000000000000000C1 /* BeerChiller.entitlements */ = {isa = PBXFileReference; lastKnownFileType = text.plist.entitlements; path = BeerChiller.entitlements; sourceTree = "<group>"; };
		BEEF000000000000000000C2 /* BeerChiller */ = {
			isa = PBXGroup;
			children = (
				BEEF00000000000000000078,
				BEEF000000000000000000BD,
				BEEF000000000000000000BE,
				BEEF000000000000000000BF,
				BEEF0000000000000000008A,
				BEEF0000000000000000001A,
				BEEF00000000000000000090,
				BEEF0000000000000000001C,
				BEEF000000000000000000C0,
				BEEF000000000000000000C1,
			);
			path = BeerChiller;
			sourceTree = "<group>";
		};
		BEEF000000000000000000C3 /* Info.plist */ = {isa = PBXFileReference; lastKnownFileType = text.plist.xml; path = Info.plist; sourceTree = "<group>"; };
		BEEF000000000000000000C4 /* BeerChillerWidget.entitlements */ = {isa = PBXFileReference; lastKnownFileType = text.plist.entitlements; path = BeerChillerWidget.entitlements; sourceTree = "<group>"; };
		BEEF000000000000000000C5 /* BeerChillerWidget */ = {
			isa = PBXGroup;
			children = (
				BEEF00000000000000000053,
				BEEF00000000000000000055,
				BEEF00000000000000000057,
				BEEF000000000000000000C3,
				BEEF000000000000000000C4,
			);
			path = BeerChillerWidget;
			sourceTree = "<group>";
		};
		BEEF000000000000000000C6 /* Info.plist */ = {isa = PBXFileReference; lastKnownFileType = text.plist.xml; path = Info.plist; sourceTree = "<group>"; };
		BEEF000000000000000000C7 /* BeerChillerWatch.entitlements */ = {isa = PBXFileReference; lastKnownFileType = text.plist.entitlements; path = BeerChillerWatch.entitlements; sourceTree = "<group>"; };
		BEEF000000000000000000C8 /* BeerChillerWatch */ = {
			isa = PBXGroup;
			children = (
				BEEF0000000000000000003A,
				BEEF0000000000000000003C,
				BEEF00000000000000000040,
				BEEF000000000000000000C6,
				BEEF000000000000000000C7,
			);
			path = BeerChillerWatch;
			sourceTree = "<group>";
		};
		BEEF000000000000000000C9 /* Info.plist */ = {isa = PBXFileReference; lastKnownFileType = text.plist.xml; path = Info.plist; sourceTree = "<group>"; };
		BEEF000000000000000000CA /* BeerChillerWatchWidget.entitlements */ = {isa = PBXFileReference; lastKnownFileType = text.plist.entitlements; path = BeerChillerWatchWidget.entitlements; sourceTree = "<group>"; };
		BEEF000000000000000000CB /* BeerChillerWatchWidget */ = {
			isa = PBXGroup;
			children = (
				BEEF00000000000000000016,
				BEEF000000000000000000C9,
				BEEF000000000000000000CA,
			);
			path = BeerChillerWatchWidget;
			sourceTree = "<group>";
		};
		BEEF000000000000000000CC /* Tests */ = {
			isa = PBXGroup;
			children = (
				BEEF000000000000000000A8,
				BEEF000000000000000000AA,
			);
			path = Tests;
			sourceTree = "<group>";
		};
		BEEF000000000000000000CD /* UITests */ = {
			isa = PBXGroup;
			children = (
				BEEF000000000000000000B5,
				BEEF000000000000000000B7,
			);
			path = UITests;
			sourceTree = "<group>";
		};
		BEEF000000000000000000CE /* Products */ = {
			isa = PBXGroup;
			children = (
				BEEF00000000000000000068,
				BEEF00000000000000000047,
				BEEF00000000000000000025,
				BEEF00000000000000000003,
				BEEF000000000000000000A5,
				BEEF000000000000000000B2,
			);
			name = Products;
			sourceTree = "<group>";
		};
		BEEF000000000000000000CF /* BeerCHILLER */ = {
			isa = PBXGroup;
			children = (
				BEEF000000000000000000BC,
				BEEF000000000000000000C2,
				BEEF000000000000000000C5,
				BEEF000000000000000000C8,
				BEEF000000000000000000CB,
				BEEF000000000000000000CC,
				BEEF000000000000000000CD,
				BEEF000000000000000000CE,
			);
			name = BeerCHILLER;
			sourceTree = "<group>";
		};
		BEEF000000000000000000D0 /* Debug */ = {
			isa = XCBuildConfiguration;
			buildSettings = {
				ALWAYS_SEARCH_USER_PATHS = NO;
				CLANG_ANALYZER_NONNULL = YES;
				CLANG_ENABLE_MODULES = YES;
				CLANG_ENABLE_OBJC_ARC = YES;
				CLANG_WARN_DOCUMENTATION_COMMENTS = YES;
				CODE_SIGN_IDENTITY = "-";
				CODE_SIGN_STYLE = Manual;
				COPY_PHASE_STRIP = NO;
				CURRENT_PROJECT_VERSION = 1;
				DEBUG_INFORMATION_FORMAT = dwarf;
				DEVELOPMENT_TEAM = "";
				ENABLE_STRICT_OBJC_MSGSEND = YES;
				ENABLE_TESTABILITY = YES;
				ENABLE_USER_SCRIPT_SANDBOXING = NO;
				GCC_C_LANGUAGE_STANDARD = gnu17;
				GCC_NO_COMMON_BLOCKS = YES;
				GCC_OPTIMIZATION_LEVEL = 0;
				GCC_PREPROCESSOR_DEFINITIONS = (
					"DEBUG=1",
					"$(inherited)",
				);
				GCC_WARN_UNDECLARED_SELECTOR = YES;
				GCC_WARN_UNUSED_FUNCTION = YES;
				GCC_WARN_UNUSED_VARIABLE = YES;
				IPHONEOS_DEPLOYMENT_TARGET = 16.0;
				LOCALIZATION_PREFERS_STRING_CATALOGS = YES;
				MARKETING_VERSION = 1.0;
				MTL_ENABLE_DEBUG_INFO = INCLUDE_SOURCE;
				ONLY_ACTIVE_ARCH = YES;
				SWIFT_ACTIVE_COMPILATION_CONDITIONS = DEBUG;
				SWIFT_EMIT_LOC_STRINGS = YES;
				SWIFT_OPTIMIZATION_LEVEL = "-Onone";
				SWIFT_VERSION = 5.0;
				WATCHOS_DEPLOYMENT_TARGET = 9.0;
			};
			name = Debug;
		};
		BEEF000000000000000000D1 /* Release */ = {
			isa = XCBuildConfiguration;
			buildSettings = {
				ALWAYS_SEARCH_USER_PATHS = NO;
				CLANG_ANALYZER_NONNULL = YES;
				CLANG_ENABLE_MODULES = YES;
				CLANG_ENABLE_OBJC_ARC = YES;
				CLANG_WARN_DOCUMENTATION_COMMENTS = YES;
				CODE_SIGN_IDENTITY = "-";
				CODE_SIGN_STYLE = Manual;
				COPY_PHASE_STRIP = NO;
				CURRENT_PROJECT_VERSION = 1;
				DEBUG_INFORMATION_FORMAT = "dwarf-with-dsym";
				DEVELOPMENT_TEAM = "";
				ENABLE_NS_ASSERTIONS = NO;
				ENABLE_STRICT_OBJC_MSGSEND = YES;
				ENABLE_USER_SCRIPT_SANDBOXING = NO;
				GCC_C_LANGUAGE_STANDARD = gnu17;
				GCC_NO_COMMON_BLOCKS = YES;
				GCC_WARN_UNDECLARED_SELECTOR = YES;
				GCC_WARN_UNUSED_FUNCTION = YES;
				GCC_WARN_UNUSED_VARIABLE = YES;
				IPHONEOS_DEPLOYMENT_TARGET = 16.0;
				LOCALIZATION_PREFERS_STRING_CATALOGS = YES;
				MARKETING_VERSION = 1.0;
				MTL_ENABLE_DEBUG_INFO = NO;
				SWIFT_COMPILATION_MODE = wholemodule;
				SWIFT_EMIT_LOC_STRINGS = YES;
				SWIFT_OPTIMIZATION_LEVEL = "-O";
				SWIFT_VERSION = 5.0;
				VALIDATE_PRODUCT = YES;
				WATCHOS_DEPLOYMENT_TARGET = 9.0;
			};
			name = Release;
		};
		BEEF000000000000000000D2 /* Build configuration list for PBXProject "BeerCHILLER" */ = {
			isa = XCConfigurationList;
			buildConfigurations = (
				BEEF000000000000000000D0 /* Debug */,
				BEEF000000000000000000D1 /* Release */,
			);
			defaultConfigurationIsVisible = 0;
			defaultConfigurationName = Release;
		};
	};
	rootObject = BEEF00000000000000000001 /* Project object */;
}
